
Microsoft Visual Studio Solution File, Format Version 12.00
# Visual Studio Version 17
VisualStudioVersion = 17.4.33403.182
MinimumVisualStudioVersion = 10.0.40219.1
Project("{FAE04EC0-301F-11D3-BF4B-00C04F79EFBC}") = "AirportExample", "AirportExample.csproj", "{13479E4E-0298-4394-8770-9A384274EF82}"
EndProject
Global
	GlobalSection(SolutionConfigurationPlatforms) = preSolution
		Debug|Any CPU = Debug|Any CPU
		Release|Any CPU = Release|Any CPU
	EndGlobalSection
	GlobalSection(ProjectConfigurationPlatforms) = postSolution
		{13479E4E-0298-4394-8770-9A384274EF82}.Debug|Any CPU.ActiveCfg = Debug|Any CPU
		{13479E4E-0298-4394-8770-9A384274EF82}.Debug|Any CPU.Build.0 = Debug|Any CPU
		{13479E4E-0298-4394-8770-9A384274EF82}.Release|Any CPU.ActiveCfg = Release|Any CPU
		{13479E4E-0298-4394-8770-9A384274EF82}.Release|Any CPU.Build.0 = Release|Any CPU
	EndGlobalSection
	GlobalSection(SolutionProperties) = preSolution
		HideSolutionNode = FALSE
	EndGlobalSection
	GlobalSection(ExtensibilityGlobals) = postSolution
		SolutionGuid = {6AEE2228-A1EE-4AF0-992D-26243A9F55FD}
	EndGlobalSection
EndGlobal
